
Microsoft Visual Studio Solution File, Format Version 12.00
# Visual Studio Version 17
VisualStudioVersion = 17.11.35327.3
MinimumVisualStudioVersion = 10.0.40219.1
Project("{8BC9CEB8-8B4A-11D0-8D11-00A0C91BC942}") = "Roulette_console_version", "Roulette_console_version.vcxproj", "{111FA183-D517-4225-84B3-3F3FF7179B40}"
EndProject
Global
	GlobalSection(SolutionConfigurationPlatforms) = preSolution
		Debug|x64 = Debug|x64
		Debug|x86 = Debug|x86
		Release|x64 = Release|x64
		Release|x86 = Release|x86
	EndGlobalSection
	GlobalSection(ProjectConfigurationPlatforms) = postSolution
		{111FA183-D517-4225-84B3-3F3FF7179B40}.Debug|x64.ActiveCfg = Debug|x64
		{111FA183-D517-4225-84B3-3F3FF7179B40}.Debug|x64.Build.0 = Debug|x64
		{111FA183-D517-4225-84B3-3F3FF7179B40}.Debug|x86.ActiveCfg = Debug|Win32
		{111FA183-D517-4225-84B3-3F3FF7179B40}.Debug|x86.Build.0 = Debug|Win32
		{111FA183-D517-4225-84B3-3F3FF7179B40}.Release|x64.ActiveCfg = Release|x64
		{111FA183-D517-4225-84B3-3F3FF7179B40}.Release|x64.Build.0 = Release|x64
		{111FA183-D517-4225-84B3-3F3FF7179B40}.Release|x86.ActiveCfg = Release|Win32
		{111FA183-D517-4225-84B3-3F3FF7179B40}.Release|x86.Build.0 = Release|Win32
	EndGlobalSection
	GlobalSection(SolutionProperties) = preSolution
		HideSolutionNode = FALSE
	EndGlobalSection
	GlobalSection(ExtensibilityGlobals) = postSolution
		SolutionGuid = {FAEB65A3-0622-475A-8FBD-C417CA40BD69}
	EndGlobalSection
EndGlobal
